schema: '2.0'
stages:
  train:
    cmd: python3 script_training/training_burger.py
    deps:
    - path: script_training/training_burger.py
      md5: d49a8803e80509aad50477347e5853f2
      size: 16968
    outs:
    - path: models_params/model_gnn.json
      md5: 78769b4db37053fea939ffc48e0420a7
      size: 212617
  eval:
    cmd: python3 script_training/training_burger.py --mode eval
    deps:
    - path: models_params/model_gnn.json
      md5: 78769b4db37053fea939ffc48e0420a7
      size: 212617
    - path: script_training/training_burger.py
      md5: d49a8803e80509aad50477347e5853f2
      size: 16968
    outs:
    - path: metrics/metrics.json
      md5: 9b385d471c381fef03104e494e7b2dde
      size: 43
    - path: metrics/metrics_random_sample.json
      md5: 78df85002198baab4b7de3aacc06cec0
      size: 46
