schema: '2.0'
stages:
  train:
    cmd: python3 script_training/training_burger.py
    deps:
    - path: script_training/training_burger.py
      md5: e2617351fe2cf00073b0c9f9c5053258
      size: 13243
    outs:
    - path: models_params/model_gnn.json
      md5: 812c80b06609a72cec03a63d67b34d82
      size: 212617
  eval:
    cmd: python3 script_training/training_burger.py --mode eval
    deps:
    - path: models_params/model_gnn.json
      md5: fa1413dd03b25d1347a824ac1a14947e
      size: 212617
    - path: script_training/training_burger.py
      md5: 94b479ebe198c5d386e131cbba2a01e4
      size: 13186
    outs:
    - path: metrics/metrics.json
      md5: 265da647965694bc9a0a96af1e57c7dd
      size: 34
    - path: metrics/metrics_random_sample.json
      md5: e80066ec6122a41b999e48d1c54bb869
      size: 46
